
Microsoft Visual Studio Solution File, Format Version 12.00
# Visual Studio Version 16
VisualStudioVersion = 16.0.29926.136
MinimumVisualStudioVersion = 10.0.40219.1
Project("{FAE04EC0-301F-11D3-BF4B-00C04F79EFBC}") = "Giraffe", "Giraffe.csproj", "{F744CCC3-0177-4251-924D-3DDF229661B5}"
EndProject
Global
	GlobalSection(SolutionConfigurationPlatforms) = preSolution
		Debug|Any CPU = Debug|Any CPU
		Release|Any CPU = Release|Any CPU
	EndGlobalSection
	GlobalSection(ProjectConfigurationPlatforms) = postSolution
		{F744CCC3-0177-4251-924D-3DDF229661B5}.Debug|Any CPU.ActiveCfg = Debug|Any CPU
		{F744CCC3-0177-4251-924D-3DDF229661B5}.Debug|Any CPU.Build.0 = Debug|Any CPU
		{F744CCC3-0177-4251-924D-3DDF229661B5}.Release|Any CPU.ActiveCfg = Release|Any CPU
		{F744CCC3-0177-4251-924D-3DDF229661B5}.Release|Any CPU.Build.0 = Release|Any CPU
	EndGlobalSection
	GlobalSection(SolutionProperties) = preSolution
		HideSolutionNode = FALSE
	EndGlobalSection
	GlobalSection(ExtensibilityGlobals) = postSolution
		SolutionGuid = {2908B2E5-BF89-4C4B-9DAA-CE86450F2FD4}
	EndGlobalSection
EndGlobal
